
Microsoft Visual Studio Solution File, Format Version 12.00
# Visual Studio 2013
VisualStudioVersion = 12.0.40629.0
MinimumVisualStudioVersion = 10.0.40219.1
Project("{FAE04EC0-301F-11D3-BF4B-00C04F79EFBC}") = "Qi4CS.Core.API", "Qi4CS.Core.API\Qi4CS.Core.API.csproj", "{9A6623F3-5FFC-4A63-8C98-163A4302A5EA}"
EndProject
Project("{FAE04EC0-301F-11D3-BF4B-00C04F79EFBC}") = "Qi4CS.Core.Bootstrap", "Qi4CS.Core.Bootstrap\Qi4CS.Core.Bootstrap.csproj", "{CCFE3603-D36D-4028-98F6-F7E47566D087}"
EndProject
Project("{FAE04EC0-301F-11D3-BF4B-00C04F79EFBC}") = "Qi4CS.Tests", "Qi4CS.Tests\Qi4CS.Tests.csproj", "{A402E6FC-5E90-4970-A148-24E07D803A50}"
	ProjectSection(ProjectDependencies) = postProject
		{F0683808-F7F6-49AE-AB0E-9817B3DE3274} = {F0683808-F7F6-49AE-AB0E-9817B3DE3274}
		{AB903B13-AA87-42B7-940E-8FF2ECEAD2C0} = {AB903B13-AA87-42B7-940E-8FF2ECEAD2C0}
		{3A78AAC7-7998-471C-A413-147BE7B0CE1B} = {3A78AAC7-7998-471C-A413-147BE7B0CE1B}
	EndProjectSection
EndProject
Project("{FAE04EC0-301F-11D3-BF4B-00C04F79EFBC}") = "Qi4CS.Extensions.Configuration", "Qi4CS.Extensions.Configuration\Qi4CS.Extensions.Configuration.csproj", "{3A78AAC7-7998-471C-A413-147BE7B0CE1B}"
EndProject
Project("{FAE04EC0-301F-11D3-BF4B-00C04F79EFBC}") = "Qi4CS.Extensions.Functional", "Qi4CS.Extensions.Functional\Qi4CS.Extensions.Functional.csproj", "{F0683808-F7F6-49AE-AB0E-9817B3DE3274}"
EndProject
Project("{FAE04EC0-301F-11D3-BF4B-00C04F79EFBC}") = "Qi4CS.Core.SPI", "Qi4CS.Core.SPI\Qi4CS.Core.SPI.csproj", "{7DE287E8-2277-48E0-BDBE-047A7FC79B21}"
EndProject
Project("{FAE04EC0-301F-11D3-BF4B-00C04F79EFBC}") = "Qi4CS.Core.Runtime", "Qi4CS.Core.Runtime\Qi4CS.Core.Runtime.csproj", "{5C2D448E-749E-4564-8BD4-7A5C5E1FBC55}"
EndProject
Project("{FAE04EC0-301F-11D3-BF4B-00C04F79EFBC}") = "Qi4CS.Core.Architectures", "Qi4CS.Core.Architectures\Qi4CS.Core.Architectures.csproj", "{EE51D59F-EA79-47A8-8531-9446E0C15DA8}"
EndProject
Project("{FAE04EC0-301F-11D3-BF4B-00C04F79EFBC}") = "Qi4CS.CodeGeneration.DotNET", "Qi4CS.CodeGeneration.DotNET\Qi4CS.CodeGeneration.DotNET.csproj", "{7BE33F23-3F8A-4B25-AD6C-43647E592108}"
EndProject
Project("{FAE04EC0-301F-11D3-BF4B-00C04F79EFBC}") = "Qi4CS.Samples", "Qi4CS.Samples\Qi4CS.Samples.csproj", "{9B07B99E-DF31-49A7-B304-7F99AF8FCCD3}"
	ProjectSection(ProjectDependencies) = postProject
		{F0683808-F7F6-49AE-AB0E-9817B3DE3274} = {F0683808-F7F6-49AE-AB0E-9817B3DE3274}
		{3A78AAC7-7998-471C-A413-147BE7B0CE1B} = {3A78AAC7-7998-471C-A413-147BE7B0CE1B}
	EndProjectSection
EndProject
Project("{FAE04EC0-301F-11D3-BF4B-00C04F79EFBC}") = "Qi4CS.CodeGeneration.MSBuild", "Qi4CS.CodeGeneration.MSBuild\Qi4CS.CodeGeneration.MSBuild.csproj", "{101EB834-0762-48FB-A9A1-A42893A6A254}"
EndProject
Project("{FAE04EC0-301F-11D3-BF4B-00C04F79EFBC}") = "Qi4CS.Extensions.Configuration.XML", "Qi4CS.Extensions.Configuration.XML\Qi4CS.Extensions.Configuration.XML.csproj", "{AB903B13-AA87-42B7-940E-8FF2ECEAD2C0}"
EndProject
Global
	GlobalSection(SolutionConfigurationPlatforms) = preSolution
		Debug|Any CPU = Debug|Any CPU
		Release|Any CPU = Release|Any CPU
	EndGlobalSection
	GlobalSection(ProjectConfigurationPlatforms) = postSolution
		{9A6623F3-5FFC-4A63-8C98-163A4302A5EA}.Debug|Any CPU.ActiveCfg = Debug|Any CPU
		{9A6623F3-5FFC-4A63-8C98-163A4302A5EA}.Debug|Any CPU.Build.0 = Debug|Any CPU
		{9A6623F3-5FFC-4A63-8C98-163A4302A5EA}.Release|Any CPU.ActiveCfg = Release|Any CPU
		{9A6623F3-5FFC-4A63-8C98-163A4302A5EA}.Release|Any CPU.Build.0 = Release|Any CPU
		{CCFE3603-D36D-4028-98F6-F7E47566D087}.Debug|Any CPU.ActiveCfg = Debug|Any CPU
		{CCFE3603-D36D-4028-98F6-F7E47566D087}.Debug|Any CPU.Build.0 = Debug|Any CPU
		{CCFE3603-D36D-4028-98F6-F7E47566D087}.Release|Any CPU.ActiveCfg = Release|Any CPU
		{CCFE3603-D36D-4028-98F6-F7E47566D087}.Release|Any CPU.Build.0 = Release|Any CPU
		{A402E6FC-5E90-4970-A148-24E07D803A50}.Debug|Any CPU.ActiveCfg = Debug|Any CPU
		{A402E6FC-5E90-4970-A148-24E07D803A50}.Debug|Any CPU.Build.0 = Debug|Any CPU
		{A402E6FC-5E90-4970-A148-24E07D803A50}.Release|Any CPU.ActiveCfg = Release|Any CPU
		{3A78AAC7-7998-471C-A413-147BE7B0CE1B}.Debug|Any CPU.ActiveCfg = Debug|Any CPU
		{3A78AAC7-7998-471C-A413-147BE7B0CE1B}.Debug|Any CPU.Build.0 = Debug|Any CPU
		{3A78AAC7-7998-471C-A413-147BE7B0CE1B}.Release|Any CPU.ActiveCfg = Release|Any CPU
		{3A78AAC7-7998-471C-A413-147BE7B0CE1B}.Release|Any CPU.Build.0 = Release|Any CPU
		{F0683808-F7F6-49AE-AB0E-9817B3DE3274}.Debug|Any CPU.ActiveCfg = Debug|Any CPU
		{F0683808-F7F6-49AE-AB0E-9817B3DE3274}.Debug|Any CPU.Build.0 = Debug|Any CPU
		{F0683808-F7F6-49AE-AB0E-9817B3DE3274}.Release|Any CPU.ActiveCfg = Release|Any CPU
		{F0683808-F7F6-49AE-AB0E-9817B3DE3274}.Release|Any CPU.Build.0 = Release|Any CPU
		{7DE287E8-2277-48E0-BDBE-047A7FC79B21}.Debug|Any CPU.ActiveCfg = Debug|Any CPU
		{7DE287E8-2277-48E0-BDBE-047A7FC79B21}.Debug|Any CPU.Build.0 = Debug|Any CPU
		{7DE287E8-2277-48E0-BDBE-047A7FC79B21}.Release|Any CPU.ActiveCfg = Release|Any CPU
		{7DE287E8-2277-48E0-BDBE-047A7FC79B21}.Release|Any CPU.Build.0 = Release|Any CPU
		{5C2D448E-749E-4564-8BD4-7A5C5E1FBC55}.Debug|Any CPU.ActiveCfg = Debug|Any CPU
		{5C2D448E-749E-4564-8BD4-7A5C5E1FBC55}.Debug|Any CPU.Build.0 = Debug|Any CPU
		{5C2D448E-749E-4564-8BD4-7A5C5E1FBC55}.Release|Any CPU.ActiveCfg = Release|Any CPU
		{5C2D448E-749E-4564-8BD4-7A5C5E1FBC55}.Release|Any CPU.Build.0 = Release|Any CPU
		{EE51D59F-EA79-47A8-8531-9446E0C15DA8}.Debug|Any CPU.ActiveCfg = Debug|Any CPU
		{EE51D59F-EA79-47A8-8531-9446E0C15DA8}.Debug|Any CPU.Build.0 = Debug|Any CPU
		{EE51D59F-EA79-47A8-8531-9446E0C15DA8}.Release|Any CPU.ActiveCfg = Release|Any CPU
		{EE51D59F-EA79-47A8-8531-9446E0C15DA8}.Release|Any CPU.Build.0 = Release|Any CPU
		{7BE33F23-3F8A-4B25-AD6C-43647E592108}.Debug|Any CPU.ActiveCfg = Debug|Any CPU
		{7BE33F23-3F8A-4B25-AD6C-43647E592108}.Debug|Any CPU.Build.0 = Debug|Any CPU
		{7BE33F23-3F8A-4B25-AD6C-43647E592108}.Release|Any CPU.ActiveCfg = Release|Any CPU
		{7BE33F23-3F8A-4B25-AD6C-43647E592108}.Release|Any CPU.Build.0 = Release|Any CPU
		{9B07B99E-DF31-49A7-B304-7F99AF8FCCD3}.Debug|Any CPU.ActiveCfg = Debug|Any CPU
		{9B07B99E-DF31-49A7-B304-7F99AF8FCCD3}.Debug|Any CPU.Build.0 = Debug|Any CPU
		{9B07B99E-DF31-49A7-B304-7F99AF8FCCD3}.Release|Any CPU.ActiveCfg = Release|Any CPU
		{9B07B99E-DF31-49A7-B304-7F99AF8FCCD3}.Release|Any CPU.Build.0 = Release|Any CPU
		{101EB834-0762-48FB-A9A1-A42893A6A254}.Debug|Any CPU.ActiveCfg = Debug|Any CPU
		{101EB834-0762-48FB-A9A1-A42893A6A254}.Debug|Any CPU.Build.0 = Debug|Any CPU
		{101EB834-0762-48FB-A9A1-A42893A6A254}.Release|Any CPU.ActiveCfg = Release|Any CPU
		{101EB834-0762-48FB-A9A1-A42893A6A254}.Release|Any CPU.Build.0 = Release|Any CPU
		{AB903B13-AA87-42B7-940E-8FF2ECEAD2C0}.Debug|Any CPU.ActiveCfg = Debug|Any CPU
		{AB903B13-AA87-42B7-940E-8FF2ECEAD2C0}.Debug|Any CPU.Build.0 = Debug|Any CPU
		{AB903B13-AA87-42B7-940E-8FF2ECEAD2C0}.Release|Any CPU.ActiveCfg = Release|Any CPU
		{AB903B13-AA87-42B7-940E-8FF2ECEAD2C0}.Release|Any CPU.Build.0 = Release|Any CPU
	EndGlobalSection
	GlobalSection(SolutionProperties) = preSolution
		HideSolutionNode = FALSE
	EndGlobalSection
EndGlobal
